
Microsoft Visual Studio Solution File, Format Version 12.00
# Visual Studio 14
VisualStudioVersion = 14.0.23107.0
MinimumVisualStudioVersion = 10.0.40219.1
Project("{FAE04EC0-301F-11D3-BF4B-00C04F79EFBC}") = "LinksManager", "LinksManagerHW\LinksManager.csproj", "{7B4CD79F-8A3D-446D-B42B-91297CA6311C}"
EndProject
Project("{FAE04EC0-301F-11D3-BF4B-00C04F79EFBC}") = "LinksManager.Entities", "LinkManager.Entities\LinksManager.Entities.csproj", "{37B8D276-4DE6-4170-AE6A-CDC2963EE1E0}"
EndProject
Project("{FAE04EC0-301F-11D3-BF4B-00C04F79EFBC}") = "LinksManager.Repositories", "LinksManager.Repositories\LinksManager.Repositories.csproj", "{1681EBF1-1463-419D-AEB1-EFEDD2E6B44B}"
EndProject
Global
	GlobalSection(SolutionConfigurationPlatforms) = preSolution
		Debug|Any CPU = Debug|Any CPU
		Release|Any CPU = Release|Any CPU
	EndGlobalSection
	GlobalSection(ProjectConfigurationPlatforms) = postSolution
		{7B4CD79F-8A3D-446D-B42B-91297CA6311C}.Debug|Any CPU.ActiveCfg = Debug|Any CPU
		{7B4CD79F-8A3D-446D-B42B-91297CA6311C}.Debug|Any CPU.Build.0 = Debug|Any CPU
		{7B4CD79F-8A3D-446D-B42B-91297CA6311C}.Release|Any CPU.ActiveCfg = Release|Any CPU
		{7B4CD79F-8A3D-446D-B42B-91297CA6311C}.Release|Any CPU.Build.0 = Release|Any CPU
		{37B8D276-4DE6-4170-AE6A-CDC2963EE1E0}.Debug|Any CPU.ActiveCfg = Debug|Any CPU
		{37B8D276-4DE6-4170-AE6A-CDC2963EE1E0}.Debug|Any CPU.Build.0 = Debug|Any CPU
		{37B8D276-4DE6-4170-AE6A-CDC2963EE1E0}.Release|Any CPU.ActiveCfg = Release|Any CPU
		{37B8D276-4DE6-4170-AE6A-CDC2963EE1E0}.Release|Any CPU.Build.0 = Release|Any CPU
		{1681EBF1-1463-419D-AEB1-EFEDD2E6B44B}.Debug|Any CPU.ActiveCfg = Debug|Any CPU
		{1681EBF1-1463-419D-AEB1-EFEDD2E6B44B}.Debug|Any CPU.Build.0 = Debug|Any CPU
		{1681EBF1-1463-419D-AEB1-EFEDD2E6B44B}.Release|Any CPU.ActiveCfg = Release|Any CPU
		{1681EBF1-1463-419D-AEB1-EFEDD2E6B44B}.Release|Any CPU.Build.0 = Release|Any CPU
	EndGlobalSection
	GlobalSection(SolutionProperties) = preSolution
		HideSolutionNode = FALSE
	EndGlobalSection
EndGlobal
